// !$*UTF8*$!
{
	archiveVersion = 1;
	classes = {
	};
	objectVersion = 50;
	objects = {

/* Begin PBXBuildFile section */
		9E2F524023E8DB490011E560 /* DivisionAbsenceViewController.swift in Sources */ = {isa = PBXBuildFile; fileRef = 9E2F523F23E8DB490011E560 /* DivisionAbsenceViewController.swift */; };
		9E74EF962416B8B9005EB58C /* DivisionTests.swift in Sources */ = {isa = PBXBuildFile; fileRef = 9E74EF952416B8B9005EB58C /* DivisionTests.swift */; };
		9E74EF972416B913005EB58C /* Absence.swift in Sources */ = {isa = PBXBuildFile; fileRef = 9EAEF52F23ECB9DA00514242 /* Absence.swift */; };
		9E74EF982416B926005EB58C /* Division.swift in Sources */ = {isa = PBXBuildFile; fileRef = 9E7AE3FA23E240DB00B11A00 /* Division.swift */; };
		9E74EF992416B929005EB58C /* Student.swift in Sources */ = {isa = PBXBuildFile; fileRef = 9E7AE3F823E2406E00B11A00 /* Student.swift */; };
		9E74EF9B2416C1BD005EB58C /* UserDocumentManager.swift in Sources */ = {isa = PBXBuildFile; fileRef = 9E74EF9A2416C1BD005EB58C /* UserDocumentManager.swift */; };
		9E7AE3F923E2406E00B11A00 /* Student.swift in Sources */ = {isa = PBXBuildFile; fileRef = 9E7AE3F823E2406E00B11A00 /* Student.swift */; };
		9E7AE3FB23E240DB00B11A00 /* Division.swift in Sources */ = {isa = PBXBuildFile; fileRef = 9E7AE3FA23E240DB00B11A00 /* Division.swift */; };
		9E7AE3FD23E241AD00B11A00 /* DivisionFactory.swift in Sources */ = {isa = PBXBuildFile; fileRef = 9E7AE3FC23E241AD00B11A00 /* DivisionFactory.swift */; };
		9EA67E6C23F210C900E8C156 /* DivisionCell.swift in Sources */ = {isa = PBXBuildFile; fileRef = 9EA67E6B23F210C900E8C156 /* DivisionCell.swift */; };
		9EAEF52E23ECB71300514242 /* StudentCell.swift in Sources */ = {isa = PBXBuildFile; fileRef = 9EAEF52D23ECB71300514242 /* StudentCell.swift */; };
		9EAEF53023ECB9DA00514242 /* Absence.swift in Sources */ = {isa = PBXBuildFile; fileRef = 9EAEF52F23ECB9DA00514242 /* Absence.swift */; };
		9ED4DA7123E1D75100B5179F /* AppDelegate.swift in Sources */ = {isa = PBXBuildFile; fileRef = 9ED4DA7023E1D75100B5179F /* AppDelegate.swift */; };
		9ED4DA7323E1D75100B5179F /* SceneDelegate.swift in Sources */ = {isa = PBXBuildFile; fileRef = 9ED4DA7223E1D75100B5179F /* SceneDelegate.swift */; };
		9ED4DA7523E1D75100B5179F /* HomeViewController.swift in Sources */ = {isa = PBXBuildFile; fileRef = 9ED4DA7423E1D75100B5179F /* HomeViewController.swift */; };
		9ED4DA7823E1D75100B5179F /* Main.storyboard in Resources */ = {isa = PBXBuildFile; fileRef = 9ED4DA7623E1D75100B5179F /* Main.storyboard */; };
		9ED4DA7A23E1D75200B5179F /* Assets.xcassets in Resources */ = {isa = PBXBuildFile; fileRef = 9ED4DA7923E1D75200B5179F /* Assets.xcassets */; };
		9ED4DA7D23E1D75200B5179F /* LaunchScreen.storyboard in Resources */ = {isa = PBXBuildFile; fileRef = 9ED4DA7B23E1D75200B5179F /* LaunchScreen.storyboard */; };
		9ED4DA8823E1D75200B5179F /* AbsenceRecorderTests.swift in Sources */ = {isa = PBXBuildFile; fileRef = 9ED4DA8723E1D75200B5179F /* AbsenceRecorderTests.swift */; };
		9ED4DA9323E1D75200B5179F /* AbsenceRecorderUITests.swift in Sources */ = {isa = PBXBuildFile; fileRef = 9ED4DA9223E1D75200B5179F /* AbsenceRecorderUITests.swift */; };
/* End PBXBuildFile section */

/* Begin PBXContainerItemProxy section */
		9ED4DA8423E1D75200B5179F /* PBXContainerItemProxy */ = {
			isa = PBXContainerItemProxy;
			containerPortal = 9ED4DA6523E1D75100B5179F /* Project object */;
			proxyType = 1;
			remoteGlobalIDString = 9ED4DA6C23E1D75100B5179F;
			remoteInfo = AbsenceRecorder;
		};
		9ED4DA8F23E1D75200B5179F /* PBXContainerItemProxy */ = {
			isa = PBXContainerItemProxy;
			containerPortal = 9ED4DA6523E1D75100B5179F /* Project object */;
			proxyType = 1;
			remoteGlobalIDString = 9ED4DA6C23E1D75100B5179F;
			remoteInfo = AbsenceRecorder;
		};
/* End PBXContainerItemProxy section */

/* Begin PBXFileReference section */
		9E2F523F23E8DB490011E560 /* DivisionAbsenceViewController.swift */ = {isa = PBXFileReference; lastKnownFileType = sourcecode.swift; path = DivisionAbsenceViewController.swift; sourceTree = "<group>"; };
		9E74EF952416B8B9005EB58C /* DivisionTests.swift */ = {isa = PBXFileReference; lastKnownFileType = sourcecode.swift; path = DivisionTests.swift; sourceTree = "<group>"; };
		9E74EF9A2416C1BD005EB58C /* UserDocumentManager.swift */ = {isa = PBXFileReference; lastKnownFileType = sourcecode.swift; path = UserDocumentManager.swift; sourceTree = "<group>"; };
		9E7AE3F823E2406E00B11A00 /* Student.swift */ = {isa = PBXFileReference; lastKnownFileType = sourcecode.swift; path = Student.swift; sourceTree = "<group>"; };
		9E7AE3FA23E240DB00B11A00 /* Division.swift */ = {isa = PBXFileReference; lastKnownFileType = sourcecode.swift; path = Division.swift; sourceTree = "<group>"; };
		9E7AE3FC23E241AD00B11A00 /* DivisionFactory.swift */ = {isa = PBXFileReference; lastKnownFileType = sourcecode.swift; path = DivisionFactory.swift; sourceTree = "<group>"; };
		9EA67E6B23F210C900E8C156 /* DivisionCell.swift */ = {isa = PBXFileReference; lastKnownFileType = sourcecode.swift; path = DivisionCell.swift; sourceTree = "<group>"; };
		9EAEF52D23ECB71300514242 /* StudentCell.swift */ = {isa = PBXFileReference; lastKnownFileType = sourcecode.swift; path = StudentCell.swift; sourceTree = "<group>"; };
		9EAEF52F23ECB9DA00514242 /* Absence.swift */ = {isa = PBXFileReference; lastKnownFileType = sourcecode.swift; path = Absence.swift; sourceTree = "<group>"; };
		9ED4DA6D23E1D75100B5179F /* AbsenceRecorder.app */ = {isa = PBXFileReference; explicitFileType = wrapper.application; includeInIndex = 0; path = AbsenceRecorder.app; sourceTree = BUILT_PRODUCTS_DIR; };
		9ED4DA7023E1D75100B5179F /* AppDelegate.swift */ = {isa = PBXFileReference; lastKnownFileType = sourcecode.swift; path = AppDelegate.swift; sourceTree = "<group>"; };
		9ED4DA7223E1D75100B5179F /* SceneDelegate.swift */ = {isa = PBXFileReference; lastKnownFileType = sourcecode.swift; path = SceneDelegate.swift; sourceTree = "<group>"; };
		9ED4DA7423E1D75100B5179F /* HomeViewController.swift */ = {isa = PBXFileReference; lastKnownFileType = sourcecode.swift; path = HomeViewController.swift; sourceTree = "<group>"; };
		9ED4DA7723E1D75100B5179F /* Base */ = {isa = PBXFileReference; lastKnownFileType = file.storyboard; name = Base; path = Base.lproj/Main.storyboard; sourceTree = "<group>"; };
		9ED4DA7923E1D75200B5179F /* Assets.xcassets */ = {isa = PBXFileReference; lastKnownFileType = folder.assetcatalog; path = Assets.xcassets; sourceTree = "<group>"; };
		9ED4DA7C23E1D75200B5179F /* Base */ = {isa = PBXFileReference; lastKnownFileType = file.storyboard; name = Base; path = Base.lproj/LaunchScreen.storyboard; sourceTree = "<group>"; };
		9ED4DA7E23E1D75200B5179F /* Info.plist */ = {isa = PBXFileReference; lastKnownFileType = text.plist.xml; path = Info.plist; sourceTree = "<group>"; };
		9ED4DA8323E1D75200B5179F /* AbsenceRecorderTests.xctest */ = {isa = PBXFileReference; explicitFileType = wrapper.cfbundle; includeInIndex = 0; path = AbsenceRecorderTests.xctest; sourceTree = BUILT_PRODUCTS_DIR; };
		9ED4DA8723E1D75200B5179F /* AbsenceRecorderTests.swift */ = {isa = PBXFileReference; lastKnownFileType = sourcecode.swift; path = AbsenceRecorderTests.swift; sourceTree = "<group>"; };
		9ED4DA8923E1D75200B5179F /* Info.plist */ = {isa = PBXFileReference; lastKnownFileType = text.plist.xml; path = Info.plist; sourceTree = "<group>"; };
		9ED4DA8E23E1D75200B5179F /* AbsenceRecorderUITests.xctest */ = {isa = PBXFileReference; explicitFileType = wrapper.cfbundle; includeInIndex = 0; path = AbsenceRecorderUITests.xctest; sourceTree = BUILT_PRODUCTS_DIR; };
		9ED4DA9223E1D75200B5179F /* AbsenceRecorderUITests.swift */ = {isa = PBXFileReference; lastKnownFileType = sourcecode.swift; path = AbsenceRecorderUITests.swift; sourceTree = "<group>"; };
		9ED4DA9423E1D75200B5179F /* Info.plist */ = {isa = PBXFileReference; lastKnownFileType = text.plist.xml; path = Info.plist; sourceTree = "<group>"; };
/* End PBXFileReference section */

/* Begin PBXFrameworksBuildPhase section */
		9ED4DA6A23E1D75100B5179F /* Frameworks */ = {
			isa = PBXFrameworksBuildPhase;
			buildActionMask = 2147483647;
			files = (
			);
			runOnlyForDeploymentPostprocessing = 0;
		};
		9ED4DA8023E1D75200B5179F /* Frameworks */ = {
			isa = PBXFrameworksBuildPhase;
			buildActionMask = 2147483647;
			files = (
			);
			runOnlyForDeploymentPostprocessing = 0;
		};
		9ED4DA8B23E1D75200B5179F /* Frameworks */ = {
			isa = PBXFrameworksBuildPhase;
			buildActionMask = 2147483647;
			files = (
			);
			runOnlyForDeploymentPostprocessing = 0;
		};
/* End PBXFrameworksBuildPhase section */

/* Begin PBXGroup section */
		9ED4DA6423E1D75100B5179F = {
			isa = PBXGroup;
			children = (
				9ED4DA6F23E1D75100B5179F /* AbsenceRecorder */,
				9ED4DA8623E1D75200B5179F /* AbsenceRecorderTests */,
				9ED4DA9123E1D75200B5179F /* AbsenceRecorderUITests */,
				9ED4DA6E23E1D75100B5179F /* Products */,
			);
			sourceTree = "<group>";
		};
		9ED4DA6E23E1D75100B5179F /* Products */ = {
			isa = PBXGroup;
			children = (
				9ED4DA6D23E1D75100B5179F /* AbsenceRecorder.app */,
				9ED4DA8323E1D75200B5179F /* AbsenceRecorderTests.xctest */,
				9ED4DA8E23E1D75200B5179F /* AbsenceRecorderUITests.xctest */,
			);
			name = Products;
			sourceTree = "<group>";
		};
		9ED4DA6F23E1D75100B5179F /* AbsenceRecorder */ = {
			isa = PBXGroup;
			children = (
				9ED4DA7023E1D75100B5179F /* AppDelegate.swift */,
				9ED4DA7223E1D75100B5179F /* SceneDelegate.swift */,
				9ED4DA7423E1D75100B5179F /* HomeViewController.swift */,
				9ED4DA7623E1D75100B5179F /* Main.storyboard */,
				9ED4DA7923E1D75200B5179F /* Assets.xcassets */,
				9ED4DA7B23E1D75200B5179F /* LaunchScreen.storyboard */,
				9ED4DA7E23E1D75200B5179F /* Info.plist */,
				9E7AE3F823E2406E00B11A00 /* Student.swift */,
				9E7AE3FA23E240DB00B11A00 /* Division.swift */,
				9E7AE3FC23E241AD00B11A00 /* DivisionFactory.swift */,
				9E2F523F23E8DB490011E560 /* DivisionAbsenceViewController.swift */,
				9EAEF52D23ECB71300514242 /* StudentCell.swift */,
				9EAEF52F23ECB9DA00514242 /* Absence.swift */,
				9EA67E6B23F210C900E8C156 /* DivisionCell.swift */,
				9E74EF9A2416C1BD005EB58C /* UserDocumentManager.swift */,
			);
			path = AbsenceRecorder;
			sourceTree = "<group>";
		};
		9ED4DA8623E1D75200B5179F /* AbsenceRecorderTests */ = {
			isa = PBXGroup;
			children = (
				9ED4DA8723E1D75200B5179F /* AbsenceRecorderTests.swift */,
				9ED4DA8923E1D75200B5179F /* Info.plist */,
				9E74EF952416B8B9005EB58C /* DivisionTests.swift */,
			);
			path = AbsenceRecorderTests;
			sourceTree = "<group>";
		};
		9ED4DA9123E1D75200B5179F /* AbsenceRecorderUITests */ = {
			isa = PBXGroup;
			children = (
				9ED4DA9223E1D75200B5179F /* AbsenceRecorderUITests.swift */,
				9ED4DA9423E1D75200B5179F /* Info.plist */,
			);
			path = AbsenceRecorderUITests;
			sourceTree = "<group>";
		};
/* End PBXGroup section */

/* Begin PBXNativeTarget section */
		9ED4DA6C23E1D75100B5179F /* AbsenceRecorder */ = {
			isa = PBXNativeTarget;
			buildConfigurationList = 9ED4DA9723E1D75200B5179F /* Build configuration list for PBXNativeTarget "AbsenceRecorder" */;
			buildPhases = (
				9ED4DA6923E1D75100B5179F /* Sources */,
				9ED4DA6A23E1D75100B5179F /* Frameworks */,
				9ED4DA6B23E1D75100B5179F /* Resources */,
			);
			buildRules = (
			);
			dependencies = (
			);
			name = AbsenceRecorder;
			productName = AbsenceRecorder;
			productReference = 9ED4DA6D23E1D75100B5179F /* AbsenceRecorder.app */;
			productType = "com.apple.product-type.application";
		};
		9ED4DA8223E1D75200B5179F /* AbsenceRecorderTests */ = {
			isa = PBXNativeTarget;
			buildConfigurationList = 9ED4DA9A23E1D75200B5179F /* Build configuration list for PBXNativeTarget "AbsenceRecorderTests" */;
			buildPhases = (
				9ED4DA7F23E1D75200B5179F /* Sources */,
				9ED4DA8023E1D75200B5179F /* Frameworks */,
				9ED4DA8123E1D75200B5179F /* Resources */,
			);
			buildRules = (
			);
			dependencies = (
				9ED4DA8523E1D75200B5179F /* PBXTargetDependency */,
			);
			name = AbsenceRecorderTests;
			productName = AbsenceRecorderTests;
			productReference = 9ED4DA8323E1D75200B5179F /* AbsenceRecorderTests.xctest */;
			productType = "com.apple.product-type.bundle.unit-test";
		};
		9ED4DA8D23E1D75200B5179F /* AbsenceRecorderUITests */ = {
			isa = PBXNativeTarget;
			buildConfigurationList = 9ED4DA9D23E1D75200B5179F /* Build configuration list for PBXNativeTarget "AbsenceRecorderUITests" */;
			buildPhases = (
				9ED4DA8A23E1D75200B5179F /* Sources */,
				9ED4DA8B23E1D75200B5179F /* Frameworks */,
				9ED4DA8C23E1D75200B5179F /* Resources */,
			);
			buildRules = (
			);
			dependencies = (
				9ED4DA9023E1D75200B5179F /* PBXTargetDependency */,
			);
			name = AbsenceRecorderUITests;
			productName = AbsenceRecorderUITests;
			productReference = 9ED4DA8E23E1D75200B5179F /* AbsenceRecorderUITests.xctest */;
			productType = "com.apple.product-type.bundle.ui-testing";
		};
/* End PBXNativeTarget section */

/* Begin PBXProject section */
		9ED4DA6523E1D75100B5179F /* Project object */ = {
			isa = PBXProject;
			attributes = {
				LastSwiftUpdateCheck = 1130;
				LastUpgradeCheck = 1130;
				ORGANIZATIONNAME = "Hayden Kua";
				TargetAttributes = {
					9ED4DA6C23E1D75100B5179F = {
						CreatedOnToolsVersion = 11.3.1;
					};
					9ED4DA8223E1D75200B5179F = {
						CreatedOnToolsVersion = 11.3.1;
						TestTargetID = 9ED4DA6C23E1D75100B5179F;
					};
					9ED4DA8D23E1D75200B5179F = {
						CreatedOnToolsVersion = 11.3.1;
						TestTargetID = 9ED4DA6C23E1D75100B5179F;
					};
				};
			};
			buildConfigurationList = 9ED4DA6823E1D75100B5179F /* Build configuration list for PBXProject "AbsenceRecorder" */;
			compatibilityVersion = "Xcode 9.3";
			developmentRegion = en;
			hasScannedForEncodings = 0;
			knownRegions = (
				en,
				Base,
			);
			mainGroup = 9ED4DA6423E1D75100B5179F;
			productRefGroup = 9ED4DA6E23E1D75100B5179F /* Products */;
			projectDirPath = "";
			projectRoot = "";
			targets = (
				9ED4DA6C23E1D75100B5179F /* AbsenceRecorder */,
				9ED4DA8223E1D75200B5179F /* AbsenceRecorderTests */,
				9ED4DA8D23E1D75200B5179F /* AbsenceRecorderUITests */,
			);
		};
/* End PBXProject section */

/* Begin PBXResourcesBuildPhase section */
		9ED4DA6B23E1D75100B5179F /* Resources */ = {
			isa = PBXResourcesBuildPhase;
			buildActionMask = 2147483647;
			files = (
				9ED4DA7D23E1D75200B5179F /* LaunchScreen.storyboard in Resources */,
				9ED4DA7A23E1D75200B5179F /* Assets.xcassets in Resources */,
				9ED4DA7823E1D75100B5179F /* Main.storyboard in Resources */,
			);
			runOnlyForDeploymentPostprocessing = 0;
		};
		9ED4DA8123E1D75200B5179F /* Resources */ = {
			isa = PBXResourcesBuildPhase;
			buildActionMask = 2147483647;
			files = (
			);
			runOnlyForDeploymentPostprocessing = 0;
		};
		9ED4DA8C23E1D75200B5179F /* Resources */ = {
			isa = PBXResourcesBuildPhase;
			buildActionMask = 2147483647;
			files = (
			);
			runOnlyForDeploymentPostprocessing = 0;
		};
/* End PBXResourcesBuildPhase section */

/* Begin PBXSourcesBuildPhase section */
		9ED4DA6923E1D75100B5179F /* Sources */ = {
			isa = PBXSourcesBuildPhase;
			buildActionMask = 2147483647;
			files = (
				9EAEF53023ECB9DA00514242 /* Absence.swift in Sources */,
				9ED4DA7523E1D75100B5179F /* HomeViewController.swift in Sources */,
				9ED4DA7123E1D75100B5179F /* AppDelegate.swift in Sources */,
				9E7AE3FB23E240DB00B11A00 /* Division.swift in Sources */,
				9EAEF52E23ECB71300514242 /* StudentCell.swift in Sources */,
				9E2F524023E8DB490011E560 /* DivisionAbsenceViewController.swift in Sources */,
				9ED4DA7323E1D75100B5179F /* SceneDelegate.swift in Sources */,
				9E74EF9B2416C1BD005EB58C /* UserDocumentManager.swift in Sources */,
				9E7AE3F923E2406E00B11A00 /* Student.swift in Sources */,
				9EA67E6C23F210C900E8C156 /* DivisionCell.swift in Sources */,
				9E7AE3FD23E241AD00B11A00 /* DivisionFactory.swift in Sources */,
			);
			runOnlyForDeploymentPostprocessing = 0;
		};
		9ED4DA7F23E1D75200B5179F /* Sources */ = {
			isa = PBXSourcesBuildPhase;
			buildActionMask = 2147483647;
			files = (
				9E74EF972416B913005EB58C /* Absence.swift in Sources */,
				9E74EF962416B8B9005EB58C /* DivisionTests.swift in Sources */,
				9E74EF982416B926005EB58C /* Division.swift in Sources */,
				9E74EF992416B929005EB58C /* Student.swift in Sources */,
				9ED4DA8823E1D75200B5179F /* AbsenceRecorderTests.swift in Sources */,
			);
			runOnlyForDeploymentPostprocessing = 0;
		};
		9ED4DA8A23E1D75200B5179F /* Sources */ = {
			isa = PBXSourcesBuildPhase;
			buildActionMask = 2147483647;
			files = (
				9ED4DA9323E1D75200B5179F /* AbsenceRecorderUITests.swift in Sources */,
			);
			runOnlyForDeploymentPostprocessing = 0;
		};
/* End PBXSourcesBuildPhase section */

/* Begin PBXTargetDependency section */
		9ED4DA8523E1D75200B5179F /* PBXTargetDependency */ = {
			isa = PBXTargetDependency;
			target = 9ED4DA6C23E1D75100B5179F /* AbsenceRecorder */;
			targetProxy = 9ED4DA8423E1D75200B5179F /* PBXContainerItemProxy */;
		};
		9ED4DA9023E1D75200B5179F /* PBXTargetDependency */ = {
			isa = PBXTargetDependency;
			target = 9ED4DA6C23E1D75100B5179F /* AbsenceRecorder */;
			targetProxy = 9ED4DA8F23E1D75200B5179F /* PBXContainerItemProxy */;
		};
/* End PBXTargetDependency section */

/* Begin PBXVariantGroup section */
		9ED4DA7623E1D75100B5179F /* Main.storyboard */ = {
			isa = PBXVariantGroup;
			children = (
				9ED4DA7723E1D75100B5179F /* Base */,
			);
			name = Main.storyboard;
			sourceTree = "<group>";
		};
		9ED4DA7B23E1D75200B5179F /* LaunchScreen.storyboard */ = {
			isa = PBXVariantGroup;
			children = (
				9ED4DA7C23E1D75200B5179F /* Base */,
			);
			name = LaunchScreen.storyboard;
			sourceTree = "<group>";
		};
/* End PBXVariantGroup section */

/* Begin XCBuildConfiguration section */
		9ED4DA9523E1D75200B5179F /* Debug */ = {
			isa = XCBuildConfiguration;
			buildSettings = {
				ALWAYS_SEARCH_USER_PATHS = NO;
				CLANG_ANALYZER_NONNULL = YES;
				CLANG_ANALYZER_NUMBER_OBJECT_CONVERSION = YES_AGGRESSIVE;
				CLANG_CXX_LANGUAGE_STANDARD = "gnu++14";
				CLANG_CXX_LIBRARY = "libc++";
				CLANG_ENABLE_MODULES = YES;
				CLANG_ENABLE_OBJC_ARC = YES;
				CLANG_ENABLE_OBJC_WEAK = YES;
				CLANG_WARN_BLOCK_CAPTURE_AUTORELEASING = YES;
				CLANG_WARN_BOOL_CONVERSION = YES;
				CLANG_WARN_COMMA = YES;
				CLANG_WARN_CONSTANT_CONVERSION = YES;
				CLANG_WARN_DEPRECATED_OBJC_IMPLEMENTATIONS = YES;
				CLANG_WARN_DIRECT_OBJC_ISA_USAGE = YES_ERROR;
				CLANG_WARN_DOCUMENTATION_COMMENTS = YES;
				CLANG_WARN_EMPTY_BODY = YES;
				CLANG_WARN_ENUM_CONVERSION = YES;
				CLANG_WARN_INFINITE_RECURSION = YES;
				CLANG_WARN_INT_CONVERSION = YES;
				CLANG_WARN_NON_LITERAL_NULL_CONVERSION = YES;
				CLANG_WARN_OBJC_IMPLICIT_RETAIN_SELF = YES;
				CLANG_WARN_OBJC_LITERAL_CONVERSION = YES;
				CLANG_WARN_OBJC_ROOT_CLASS = YES_ERROR;
				CLANG_WARN_RANGE_LOOP_ANALYSIS = YES;
				CLANG_WARN_STRICT_PROTOTYPES = YES;
				CLANG_WARN_SUSPICIOUS_MOVE = YES;
				CLANG_WARN_UNGUARDED_AVAILABILITY = YES_AGGRESSIVE;
				CLANG_WARN_UNREACHABLE_CODE = YES;
				CLANG_WARN__DUPLICATE_METHOD_MATCH = YES;
				COPY_PHASE_STRIP = NO;
				DEBUG_INFORMATION_FORMAT = dwarf;
				ENABLE_STRICT_OBJC_MSGSEND = YES;
				ENABLE_TESTABILITY = YES;
				GCC_C_LANGUAGE_STANDARD = gnu11;
				GCC_DYNAMIC_NO_PIC = NO;
				GCC_NO_COMMON_BLOCKS = YES;
				GCC_OPTIMIZATION_LEVEL = 0;
				GCC_PREPROCESSOR_DEFINITIONS = (
					"DEBUG=1",
					"$(inherited)",
				);
				GCC_WARN_64_TO_32_BIT_CONVERSION = YES;
				GCC_WARN_ABOUT_RETURN_TYPE = YES_ERROR;
				GCC_WARN_UNDECLARED_SELECTOR = YES;
				GCC_WARN_UNINITIALIZED_AUTOS = YES_AGGRESSIVE;
				GCC_WARN_UNUSED_FUNCTION = YES;
				GCC_WARN_UNUSED_VARIABLE = YES;
				IPHONEOS_DEPLOYMENT_TARGET = 13.2;
				MTL_ENABLE_DEBUG_INFO = INCLUDE_SOURCE;
				MTL_FAST_MATH = YES;
				ONLY_ACTIVE_ARCH = YES;
				SDKROOT = iphoneos;
				SWIFT_ACTIVE_COMPILATION_CONDITIONS = DEBUG;
				SWIFT_OPTIMIZATION_LEVEL = "-Onone";
			};
			name = Debug;
		};
		9ED4DA9623E1D75200B5179F /* Release */ = {
			isa = XCBuildConfiguration;
			buildSettings = {
				ALWAYS_SEARCH_USER_PATHS = NO;
				CLANG_ANALYZER_NONNULL = YES;
				CLANG_ANALYZER_NUMBER_OBJECT_CONVERSION = YES_AGGRESSIVE;
				CLANG_CXX_LANGUAGE_STANDARD = "gnu++14";
				CLANG_CXX_LIBRARY = "libc++";
				CLANG_ENABLE_MODULES = YES;
				CLANG_ENABLE_OBJC_ARC = YES;
				CLANG_ENABLE_OBJC_WEAK = YES;
				CLANG_WARN_BLOCK_CAPTURE_AUTORELEASING = YES;
				CLANG_WARN_BOOL_CONVERSION = YES;
				CLANG_WARN_COMMA = YES;
				CLANG_WARN_CONSTANT_CONVERSION = YES;
				CLANG_WARN_DEPRECATED_OBJC_IMPLEMENTATIONS = YES;
				CLANG_WARN_DIRECT_OBJC_ISA_USAGE = YES_ERROR;
				CLANG_WARN_DOCUMENTATION_COMMENTS = YES;
				CLANG_WARN_EMPTY_BODY = YES;
				CLANG_WARN_ENUM_CONVERSION = YES;
				CLANG_WARN_INFINITE_RECURSION = YES;
				CLANG_WARN_INT_CONVERSION = YES;
				CLANG_WARN_NON_LITERAL_NULL_CONVERSION = YES;
				CLANG_WARN_OBJC_IMPLICIT_RETAIN_SELF = YES;
				CLANG_WARN_OBJC_LITERAL_CONVERSION = YES;
				CLANG_WARN_OBJC_ROOT_CLASS = YES_ERROR;
				CLANG_WARN_RANGE_LOOP_ANALYSIS = YES;
				CLANG_WARN_STRICT_PROTOTYPES = YES;
				CLANG_WARN_SUSPICIOUS_MOVE = YES;
				CLANG_WARN_UNGUARDED_AVAILABILITY = YES_AGGRESSIVE;
				CLANG_WARN_UNREACHABLE_CODE = YES;
				CLANG_WARN__DUPLICATE_METHOD_MATCH = YES;
				COPY_PHASE_STRIP = NO;
				DEBUG_INFORMATION_FORMAT = "dwarf-with-dsym";
				ENABLE_NS_ASSERTIONS = NO;
				ENABLE_STRICT_OBJC_MSGSEND = YES;
				GCC_C_LANGUAGE_STANDARD = gnu11;
				GCC_NO_COMMON_BLOCKS = YES;
				GCC_WARN_64_TO_32_BIT_CONVERSION = YES;
				GCC_WARN_ABOUT_RETURN_TYPE = YES_ERROR;
				GCC_WARN_UNDECLARED_SELECTOR = YES;
				GCC_WARN_UNINITIALIZED_AUTOS = YES_AGGRESSIVE;
				GCC_WARN_UNUSED_FUNCTION = YES;
				GCC_WARN_UNUSED_VARIABLE = YES;
				IPHONEOS_DEPLOYMENT_TARGET = 13.2;
				MTL_ENABLE_DEBUG_INFO = NO;
				MTL_FAST_MATH = YES;
				SDKROOT = iphoneos;
				SWIFT_COMPILATION_MODE = wholemodule;
				SWIFT_OPTIMIZATION_LEVEL = "-O";
				VALIDATE_PRODUCT = YES;
			};
			name = Release;
		};
		9ED4DA9823E1D75200B5179F /* Debug */ = {
			isa = XCBuildConfiguration;
			buildSettings = {
				ASSETCATALOG_COMPILER_APPICON_NAME = AppIcon;
				CODE_SIGN_STYLE = Automatic;
				INFOPLIST_FILE = AbsenceRecorder/Info.plist;
				LD_RUNPATH_SEARCH_PATHS = (
					"$(inherited)",
					"@executable_path/Frameworks",
				);
				PRODUCT_BUNDLE_IDENTIFIER = com.HaydenKua.AbsenceRecorder;
				PRODUCT_NAME = "$(TARGET_NAME)";
				SWIFT_VERSION = 5.0;
				TARGETED_DEVICE_FAMILY = "1,2";
			};
			name = Debug;
		};
		9ED4DA9923E1D75200B5179F /* Release */ = {
			isa = XCBuildConfiguration;
			buildSettings = {
				ASSETCATALOG_COMPILER_APPICON_NAME = AppIcon;
				CODE_SIGN_STYLE = Automatic;
				INFOPLIST_FILE = AbsenceRecorder/Info.plist;
				LD_RUNPATH_SEARCH_PATHS = (
					"$(inherited)",
					"@executable_path/Frameworks",
				);
				PRODUCT_BUNDLE_IDENTIFIER = com.HaydenKua.AbsenceRecorder;
				PRODUCT_NAME = "$(TARGET_NAME)";
				SWIFT_VERSION = 5.0;
				TARGETED_DEVICE_FAMILY = "1,2";
			};
			name = Release;
		};
		9ED4DA9B23E1D75200B5179F /* Debug */ = {
			isa = XCBuildConfiguration;
			buildSettings = {
				ALWAYS_EMBED_SWIFT_STANDARD_LIBRARIES = YES;
				BUNDLE_LOADER = "$(TEST_HOST)";
				CODE_SIGN_STYLE = Automatic;
				INFOPLIST_FILE = AbsenceRecorderTests/Info.plist;
				IPHONEOS_DEPLOYMENT_TARGET = 13.2;
				LD_RUNPATH_SEARCH_PATHS = (
					"$(inherited)",
					"@executable_path/Frameworks",
					"@loader_path/Frameworks",
				);
				PRODUCT_BUNDLE_IDENTIFIER = com.HaydenKua.AbsenceRecorderTests;
				PRODUCT_NAME = "$(TARGET_NAME)";
				SWIFT_VERSION = 5.0;
				TARGETED_DEVICE_FAMILY = "1,2";
				TEST_HOST = "$(BUILT_PRODUCTS_DIR)/AbsenceRecorder.app/AbsenceRecorder";
			};
			name = Debug;
		};
		9ED4DA9C23E1D75200B5179F /* Release */ = {
			isa = XCBuildConfiguration;
			buildSettings = {
				ALWAYS_EMBED_SWIFT_STANDARD_LIBRARIES = YES;
				BUNDLE_LOADER = "$(TEST_HOST)";
				CODE_SIGN_STYLE = Automatic;
				INFOPLIST_FILE = AbsenceRecorderTests/Info.plist;
				IPHONEOS_DEPLOYMENT_TARGET = 13.2;
				LD_RUNPATH_SEARCH_PATHS = (
					"$(inherited)",
					"@executable_path/Frameworks",
					"@loader_path/Frameworks",
				);
				PRODUCT_BUNDLE_IDENTIFIER = com.HaydenKua.AbsenceRecorderTests;
				PRODUCT_NAME = "$(TARGET_NAME)";
				SWIFT_VERSION = 5.0;
				TARGETED_DEVICE_FAMILY = "1,2";
				TEST_HOST = "$(BUILT_PRODUCTS_DIR)/AbsenceRecorder.app/AbsenceRecorder";
			};
			name = Release;
		};
		9ED4DA9E23E1D75200B5179F /* Debug */ = {
			isa = XCBuildConfiguration;
			buildSettings = {
				ALWAYS_EMBED_SWIFT_STANDARD_LIBRARIES = YES;
				CODE_SIGN_STYLE = Automatic;
				INFOPLIST_FILE = AbsenceRecorderUITests/Info.plist;
				LD_RUNPATH_SEARCH_PATHS = (
					"$(inherited)",
					"@executable_path/Frameworks",
					"@loader_path/Frameworks",
				);
				PRODUCT_BUNDLE_IDENTIFIER = com.HaydenKua.AbsenceRecorderUITests;
				PRODUCT_NAME = "$(TARGET_NAME)";
				SWIFT_VERSION = 5.0;
				TARGETED_DEVICE_FAMILY = "1,2";
				TEST_TARGET_NAME = AbsenceRecorder;
			};
			name = Debug;
		};
		9ED4DA9F23E1D75200B5179F /* Release */ = {
			isa = XCBuildConfiguration;
			buildSettings = {
				ALWAYS_EMBED_SWIFT_STANDARD_LIBRARIES = YES;
				CODE_SIGN_STYLE = Automatic;
				INFOPLIST_FILE = AbsenceRecorderUITests/Info.plist;
				LD_RUNPATH_SEARCH_PATHS = (
					"$(inherited)",
					"@executable_path/Frameworks",
					"@loader_path/Frameworks",
				);
				PRODUCT_BUNDLE_IDENTIFIER = com.HaydenKua.AbsenceRecorderUITests;
				PRODUCT_NAME = "$(TARGET_NAME)";
				SWIFT_VERSION = 5.0;
				TARGETED_DEVICE_FAMILY = "1,2";
				TEST_TARGET_NAME = AbsenceRecorder;
			};
			name = Release;
		};
/* End XCBuildConfiguration section */

/* Begin XCConfigurationList section */
		9ED4DA6823E1D75100B5179F /* Build configuration list for PBXProject "AbsenceRecorder" */ = {
			isa = XCConfigurationList;
			buildConfigurations = (
				9ED4DA9523E1D75200B5179F /* Debug */,
				9ED4DA9623E1D75200B5179F /* Release */,
			);
			defaultConfigurationIsVisible = 0;
			defaultConfigurationName = Release;
		};
		9ED4DA9723E1D75200B5179F /* Build configuration list for PBXNativeTarget "AbsenceRecorder" */ = {
			isa = XCConfigurationList;
			buildConfigurations = (
				9ED4DA9823E1D75200B5179F /* Debug */,
				9ED4DA9923E1D75200B5179F /* Release */,
			);
			defaultConfigurationIsVisible = 0;
			defaultConfigurationName = Release;
		};
		9ED4DA9A23E1D75200B5179F /* Build configuration list for PBXNativeTarget "AbsenceRecorderTests" */ = {
			isa = XCConfigurationList;
			buildConfigurations = (
				9ED4DA9B23E1D75200B5179F /* Debug */,
				9ED4DA9C23E1D75200B5179F /* Release */,
			);
			defaultConfigurationIsVisible = 0;
			defaultConfigurationName = Release;
		};
		9ED4DA9D23E1D75200B5179F /* Build configuration list for PBXNativeTarget "AbsenceRecorderUITests" */ = {
			isa = XCConfigurationList;
			buildConfigurations = (
				9ED4DA9E23E1D75200B5179F /* Debug */,
				9ED4DA9F23E1D75200B5179F /* Release */,
			);
			defaultConfigurationIsVisible = 0;
			defaultConfigurationName = Release;
		};
/* End XCConfigurationList section */
	};
	rootObject = 9ED4DA6523E1D75100B5179F /* Project object */;
}
